
Microsoft Visual Studio Solution File, Format Version 12.00
# Visual Studio 15
VisualStudioVersion = 15.0.28307.329
MinimumVisualStudioVersion = 10.0.40219.1
Project("{FAE04EC0-301F-11D3-BF4B-00C04F79EFBC}") = "TestAddingApp", "TestAddingApp\TestAddingApp.csproj", "{A97AF3A8-EF5C-4CFA-AB0E-C78AEE43181D}"
EndProject
Global
	GlobalSection(SolutionConfigurationPlatforms) = preSolution
		Debug|Any CPU = Debug|Any CPU
		Release|Any CPU = Release|Any CPU
	EndGlobalSection
	GlobalSection(ProjectConfigurationPlatforms) = postSolution
		{A97AF3A8-EF5C-4CFA-AB0E-C78AEE43181D}.Debug|Any CPU.ActiveCfg = Debug|Any CPU
		{A97AF3A8-EF5C-4CFA-AB0E-C78AEE43181D}.Debug|Any CPU.Build.0 = Debug|Any CPU
		{A97AF3A8-EF5C-4CFA-AB0E-C78AEE43181D}.Release|Any CPU.ActiveCfg = Release|Any CPU
		{A97AF3A8-EF5C-4CFA-AB0E-C78AEE43181D}.Release|Any CPU.Build.0 = Release|Any CPU
	EndGlobalSection
	GlobalSection(SolutionProperties) = preSolution
		HideSolutionNode = FALSE
	EndGlobalSection
	GlobalSection(ExtensibilityGlobals) = postSolution
		SolutionGuid = {B95B6F64-BDE7-44A5-9CF7-DE40FCE4B1F8}
	EndGlobalSection
EndGlobal
